// !$*UTF8*$!
{
	archiveVersion = 1;
	classes = {
	};
	objectVersion = 50;
	objects = {

/* Begin PBXBuildFile section */
		842B3DE422BC3AD4007D1557 /* main.swift in Sources */ = {isa = PBXBuildFile; fileRef = 842B3DE322BC3AD4007D1557 /* main.swift */; };
		842B3DEE22BC4233007D1557 /* BillType.swift in Sources */ = {isa = PBXBuildFile; fileRef = 842B3DED22BC4233007D1557 /* BillType.swift */; };
		842B3DF022BC426D007D1557 /* Bill.swift in Sources */ = {isa = PBXBuildFile; fileRef = 842B3DEF22BC426D007D1557 /* Bill.swift */; };
		842B3DF222BC4378007D1557 /* Mobile.swift in Sources */ = {isa = PBXBuildFile; fileRef = 842B3DF122BC4378007D1557 /* Mobile.swift */; };
		842B3DF422BC441D007D1557 /* Internet.swift in Sources */ = {isa = PBXBuildFile; fileRef = 842B3DF322BC441D007D1557 /* Internet.swift */; };
		842B3DF622BC448C007D1557 /* Hydro.swift in Sources */ = {isa = PBXBuildFile; fileRef = 842B3DF522BC448C007D1557 /* Hydro.swift */; };
		842B3DF822BC44EC007D1557 /* Customer.swift in Sources */ = {isa = PBXBuildFile; fileRef = 842B3DF722BC44EC007D1557 /* Customer.swift */; };
		842B3DFA22BC487D007D1557 /* IDisplay.swift in Sources */ = {isa = PBXBuildFile; fileRef = 842B3DF922BC487D007D1557 /* IDisplay.swift */; };
		842B3DFC22BC48BF007D1557 /* extension_float.swift in Sources */ = {isa = PBXBuildFile; fileRef = 842B3DFB22BC48BF007D1557 /* extension_float.swift */; };
		842B3DFE22BC4A81007D1557 /* extension_date.swift in Sources */ = {isa = PBXBuildFile; fileRef = 842B3DFD22BC4A81007D1557 /* extension_date.swift */; };
		842B3E0022BC4BA9007D1557 /* extension_string.swift in Sources */ = {isa = PBXBuildFile; fileRef = 842B3DFF22BC4BA9007D1557 /* extension_string.swift */; };
		842B3E0222BC4BE4007D1557 /* countryType.swift in Sources */ = {isa = PBXBuildFile; fileRef = 842B3E0122BC4BE4007D1557 /* countryType.swift */; };
		842B3E0522BC6786007D1557 /* CustomerError.swift in Sources */ = {isa = PBXBuildFile; fileRef = 842B3E0422BC6786007D1557 /* CustomerError.swift */; };
/* End PBXBuildFile section */

/* Begin PBXCopyFilesBuildPhase section */
		842B3DDE22BC3AD4007D1557 /* CopyFiles */ = {
			isa = PBXCopyFilesBuildPhase;
			buildActionMask = 2147483647;
			dstPath = /usr/share/man/man1/;
			dstSubfolderSpec = 0;
			files = (
			);
			runOnlyForDeploymentPostprocessing = 1;
		};
/* End PBXCopyFilesBuildPhase section */

/* Begin PBXFileReference section */
		842B3DE022BC3AD4007D1557 /* C0751142_MID_TERM_MAD3004 */ = {isa = PBXFileReference; explicitFileType = "compiled.mach-o.executable"; includeInIndex = 0; path = C0751142_MID_TERM_MAD3004; sourceTree = BUILT_PRODUCTS_DIR; };
		842B3DE322BC3AD4007D1557 /* main.swift */ = {isa = PBXFileReference; lastKnownFileType = sourcecode.swift; path = main.swift; sourceTree = "<group>"; };
		842B3DED22BC4233007D1557 /* BillType.swift */ = {isa = PBXFileReference; lastKnownFileType = sourcecode.swift; path = BillType.swift; sourceTree = "<group>"; };
		842B3DEF22BC426D007D1557 /* Bill.swift */ = {isa = PBXFileReference; lastKnownFileType = sourcecode.swift; path = Bill.swift; sourceTree = "<group>"; };
		842B3DF122BC4378007D1557 /* Mobile.swift */ = {isa = PBXFileReference; lastKnownFileType = sourcecode.swift; path = Mobile.swift; sourceTree = "<group>"; };
		842B3DF322BC441D007D1557 /* Internet.swift */ = {isa = PBXFileReference; lastKnownFileType = sourcecode.swift; path = Internet.swift; sourceTree = "<group>"; };
		842B3DF522BC448C007D1557 /* Hydro.swift */ = {isa = PBXFileReference; lastKnownFileType = sourcecode.swift; path = Hydro.swift; sourceTree = "<group>"; };
		842B3DF722BC44EC007D1557 /* Customer.swift */ = {isa = PBXFileReference; lastKnownFileType = sourcecode.swift; path = Customer.swift; sourceTree = "<group>"; };
		842B3DF922BC487D007D1557 /* IDisplay.swift */ = {isa = PBXFileReference; lastKnownFileType = sourcecode.swift; path = IDisplay.swift; sourceTree = "<group>"; };
		842B3DFB22BC48BF007D1557 /* extension_float.swift */ = {isa = PBXFileReference; lastKnownFileType = sourcecode.swift; path = extension_float.swift; sourceTree = "<group>"; };
		842B3DFD22BC4A81007D1557 /* extension_date.swift */ = {isa = PBXFileReference; lastKnownFileType = sourcecode.swift; path = extension_date.swift; sourceTree = "<group>"; };
		842B3DFF22BC4BA9007D1557 /* extension_string.swift */ = {isa = PBXFileReference; lastKnownFileType = sourcecode.swift; path = extension_string.swift; sourceTree = "<group>"; };
		842B3E0122BC4BE4007D1557 /* countryType.swift */ = {isa = PBXFileReference; lastKnownFileType = sourcecode.swift; path = countryType.swift; sourceTree = "<group>"; };
		842B3E0422BC6786007D1557 /* CustomerError.swift */ = {isa = PBXFileReference; lastKnownFileType = sourcecode.swift; path = CustomerError.swift; sourceTree = "<group>"; };
/* End PBXFileReference section */

/* Begin PBXFrameworksBuildPhase section */
		842B3DDD22BC3AD4007D1557 /* Frameworks */ = {
			isa = PBXFrameworksBuildPhase;
			buildActionMask = 2147483647;
			files = (
			);
			runOnlyForDeploymentPostprocessing = 0;
		};
/* End PBXFrameworksBuildPhase section */

/* Begin PBXGroup section */
		842B3DD722BC3AD4007D1557 = {
			isa = PBXGroup;
			children = (
				842B3DE222BC3AD4007D1557 /* C0751142_MID_TERM_MAD3004 */,
				842B3DE122BC3AD4007D1557 /* Products */,
			);
			sourceTree = "<group>";
		};
		842B3DE122BC3AD4007D1557 /* Products */ = {
			isa = PBXGroup;
			children = (
				842B3DE022BC3AD4007D1557 /* C0751142_MID_TERM_MAD3004 */,
			);
			name = Products;
			sourceTree = "<group>";
		};
		842B3DE222BC3AD4007D1557 /* C0751142_MID_TERM_MAD3004 */ = {
			isa = PBXGroup;
			children = (
				842B3E0322BC676C007D1557 /* Error */,
				842B3DEA22BC41F7007D1557 /* Support */,
				842B3DE322BC3AD4007D1557 /* main.swift */,
				842B3DEF22BC426D007D1557 /* Bill.swift */,
				842B3DF122BC4378007D1557 /* Mobile.swift */,
				842B3DF322BC441D007D1557 /* Internet.swift */,
				842B3DF522BC448C007D1557 /* Hydro.swift */,
				842B3DF722BC44EC007D1557 /* Customer.swift */,
			);
			path = C0751142_MID_TERM_MAD3004;
			sourceTree = "<group>";
		};
		842B3DEA22BC41F7007D1557 /* Support */ = {
			isa = PBXGroup;
			children = (
				842B3DED22BC4233007D1557 /* BillType.swift */,
				842B3DF922BC487D007D1557 /* IDisplay.swift */,
				842B3DFB22BC48BF007D1557 /* extension_float.swift */,
				842B3DFD22BC4A81007D1557 /* extension_date.swift */,
				842B3DFF22BC4BA9007D1557 /* extension_string.swift */,
				842B3E0122BC4BE4007D1557 /* countryType.swift */,
			);
			path = Support;
			sourceTree = "<group>";
		};
		842B3E0322BC676C007D1557 /* Error */ = {
			isa = PBXGroup;
			children = (
				842B3E0422BC6786007D1557 /* CustomerError.swift */,
			);
			path = Error;
			sourceTree = "<group>";
		};
/* End PBXGroup section */

/* Begin PBXNativeTarget section */
		842B3DDF22BC3AD4007D1557 /* C0751142_MID_TERM_MAD3004 */ = {
			isa = PBXNativeTarget;
			buildConfigurationList = 842B3DE722BC3AD4007D1557 /* Build configuration list for PBXNativeTarget "C0751142_MID_TERM_MAD3004" */;
			buildPhases = (
				842B3DDC22BC3AD4007D1557 /* Sources */,
				842B3DDD22BC3AD4007D1557 /* Frameworks */,
				842B3DDE22BC3AD4007D1557 /* CopyFiles */,
			);
			buildRules = (
			);
			dependencies = (
			);
			name = C0751142_MID_TERM_MAD3004;
			productName = C0751142_MID_TERM_MAD3004;
			productReference = 842B3DE022BC3AD4007D1557 /* C0751142_MID_TERM_MAD3004 */;
			productType = "com.apple.product-type.tool";
		};
/* End PBXNativeTarget section */

/* Begin PBXProject section */
		842B3DD822BC3AD4007D1557 /* Project object */ = {
			isa = PBXProject;
			attributes = {
				LastSwiftUpdateCheck = 1020;
				LastUpgradeCheck = 1020;
				ORGANIZATIONNAME = Tarlochan5268;
				TargetAttributes = {
					842B3DDF22BC3AD4007D1557 = {
						CreatedOnToolsVersion = 10.2.1;
					};
				};
			};
			buildConfigurationList = 842B3DDB22BC3AD4007D1557 /* Build configuration list for PBXProject "C0751142_MID_TERM_MAD3004" */;
			compatibilityVersion = "Xcode 9.3";
			developmentRegion = en;
			hasScannedForEncodings = 0;
			knownRegions = (
				en,
			);
			mainGroup = 842B3DD722BC3AD4007D1557;
			productRefGroup = 842B3DE122BC3AD4007D1557 /* Products */;
			projectDirPath = "";
			projectRoot = "";
			targets = (
				842B3DDF22BC3AD4007D1557 /* C0751142_MID_TERM_MAD3004 */,
			);
		};
/* End PBXProject section */

/* Begin PBXSourcesBuildPhase section */
		842B3DDC22BC3AD4007D1557 /* Sources */ = {
			isa = PBXSourcesBuildPhase;
			buildActionMask = 2147483647;
			files = (
				842B3DFA22BC487D007D1557 /* IDisplay.swift in Sources */,
				842B3DEE22BC4233007D1557 /* BillType.swift in Sources */,
				842B3E0222BC4BE4007D1557 /* countryType.swift in Sources */,
				842B3DF822BC44EC007D1557 /* Customer.swift in Sources */,
				842B3DF022BC426D007D1557 /* Bill.swift in Sources */,
				842B3E0522BC6786007D1557 /* CustomerError.swift in Sources */,
				842B3DE422BC3AD4007D1557 /* main.swift in Sources */,
				842B3DFE22BC4A81007D1557 /* extension_date.swift in Sources */,
				842B3DF222BC4378007D1557 /* Mobile.swift in Sources */,
				842B3DFC22BC48BF007D1557 /* extension_float.swift in Sources */,
				842B3DF622BC448C007D1557 /* Hydro.swift in Sources */,
				842B3DF422BC441D007D1557 /* Internet.swift in Sources */,
				842B3E0022BC4BA9007D1557 /* extension_string.swift in Sources */,
			);
			runOnlyForDeploymentPostprocessing = 0;
		};
/* End PBXSourcesBuildPhase section */

/* Begin XCBuildConfiguration section */
		842B3DE522BC3AD4007D1557 /* Debug */ = {
			isa = XCBuildConfiguration;
			buildSettings = {
				ALWAYS_SEARCH_USER_PATHS = NO;
				CLANG_ANALYZER_NONNULL = YES;
				CLANG_ANALYZER_NUMBER_OBJECT_CONVERSION = YES_AGGRESSIVE;
				CLANG_CXX_LANGUAGE_STANDARD = "gnu++14";
				CLANG_CXX_LIBRARY = "libc++";
				CLANG_ENABLE_MODULES = YES;
				CLANG_ENABLE_OBJC_ARC = YES;
				CLANG_ENABLE_OBJC_WEAK = YES;
				CLANG_WARN_BLOCK_CAPTURE_AUTORELEASING = YES;
				CLANG_WARN_BOOL_CONVERSION = YES;
				CLANG_WARN_COMMA = YES;
				CLANG_WARN_CONSTANT_CONVERSION = YES;
				CLANG_WARN_DEPRECATED_OBJC_IMPLEMENTATIONS = YES;
				CLANG_WARN_DIRECT_OBJC_ISA_USAGE = YES_ERROR;
				CLANG_WARN_DOCUMENTATION_COMMENTS = YES;
				CLANG_WARN_EMPTY_BODY = YES;
				CLANG_WARN_ENUM_CONVERSION = YES;
				CLANG_WARN_INFINITE_RECURSION = YES;
				CLANG_WARN_INT_CONVERSION = YES;
				CLANG_WARN_NON_LITERAL_NULL_CONVERSION = YES;
				CLANG_WARN_OBJC_IMPLICIT_RETAIN_SELF = YES;
				CLANG_WARN_OBJC_LITERAL_CONVERSION = YES;
				CLANG_WARN_OBJC_ROOT_CLASS = YES_ERROR;
				CLANG_WARN_RANGE_LOOP_ANALYSIS = YES;
				CLANG_WARN_STRICT_PROTOTYPES = YES;
				CLANG_WARN_SUSPICIOUS_MOVE = YES;
				CLANG_WARN_UNGUARDED_AVAILABILITY = YES_AGGRESSIVE;
				CLANG_WARN_UNREACHABLE_CODE = YES;
				CLANG_WARN__DUPLICATE_METHOD_MATCH = YES;
				CODE_SIGN_IDENTITY = "-";
				COPY_PHASE_STRIP = NO;
				DEBUG_INFORMATION_FORMAT = dwarf;
				ENABLE_STRICT_OBJC_MSGSEND = YES;
				ENABLE_TESTABILITY = YES;
				GCC_C_LANGUAGE_STANDARD = gnu11;
				GCC_DYNAMIC_NO_PIC = NO;
				GCC_NO_COMMON_BLOCKS = YES;
				GCC_OPTIMIZATION_LEVEL = 0;
				GCC_PREPROCESSOR_DEFINITIONS = (
					"DEBUG=1",
					"$(inherited)",
				);
				GCC_WARN_64_TO_32_BIT_CONVERSION = YES;
				GCC_WARN_ABOUT_RETURN_TYPE = YES_ERROR;
				GCC_WARN_UNDECLARED_SELECTOR = YES;
				GCC_WARN_UNINITIALIZED_AUTOS = YES_AGGRESSIVE;
				GCC_WARN_UNUSED_FUNCTION = YES;
				GCC_WARN_UNUSED_VARIABLE = YES;
				MACOSX_DEPLOYMENT_TARGET = 10.14;
				MTL_ENABLE_DEBUG_INFO = INCLUDE_SOURCE;
				MTL_FAST_MATH = YES;
				ONLY_ACTIVE_ARCH = YES;
				SDKROOT = macosx;
				SWIFT_ACTIVE_COMPILATION_CONDITIONS = DEBUG;
				SWIFT_OPTIMIZATION_LEVEL = "-Onone";
			};
			name = Debug;
		};
		842B3DE622BC3AD4007D1557 /* Release */ = {
			isa = XCBuildConfiguration;
			buildSettings = {
				ALWAYS_SEARCH_USER_PATHS = NO;
				CLANG_ANALYZER_NONNULL = YES;
				CLANG_ANALYZER_NUMBER_OBJECT_CONVERSION = YES_AGGRESSIVE;
				CLANG_CXX_LANGUAGE_STANDARD = "gnu++14";
				CLANG_CXX_LIBRARY = "libc++";
				CLANG_ENABLE_MODULES = YES;
				CLANG_ENABLE_OBJC_ARC = YES;
				CLANG_ENABLE_OBJC_WEAK = YES;
				CLANG_WARN_BLOCK_CAPTURE_AUTORELEASING = YES;
				CLANG_WARN_BOOL_CONVERSION = YES;
				CLANG_WARN_COMMA = YES;
				CLANG_WARN_CONSTANT_CONVERSION = YES;
				CLANG_WARN_DEPRECATED_OBJC_IMPLEMENTATIONS = YES;
				CLANG_WARN_DIRECT_OBJC_ISA_USAGE = YES_ERROR;
				CLANG_WARN_DOCUMENTATION_COMMENTS = YES;
				CLANG_WARN_EMPTY_BODY = YES;
				CLANG_WARN_ENUM_CONVERSION = YES;
				CLANG_WARN_INFINITE_RECURSION = YES;
				CLANG_WARN_INT_CONVERSION = YES;
				CLANG_WARN_NON_LITERAL_NULL_CONVERSION = YES;
				CLANG_WARN_OBJC_IMPLICIT_RETAIN_SELF = YES;
				CLANG_WARN_OBJC_LITERAL_CONVERSION = YES;
				CLANG_WARN_OBJC_ROOT_CLASS = YES_ERROR;
				CLANG_WARN_RANGE_LOOP_ANALYSIS = YES;
				CLANG_WARN_STRICT_PROTOTYPES = YES;
				CLANG_WARN_SUSPICIOUS_MOVE = YES;
				CLANG_WARN_UNGUARDED_AVAILABILITY = YES_AGGRESSIVE;
				CLANG_WARN_UNREACHABLE_CODE = YES;
				CLANG_WARN__DUPLICATE_METHOD_MATCH = YES;
				CODE_SIGN_IDENTITY = "-";
				COPY_PHASE_STRIP = NO;
				DEBUG_INFORMATION_FORMAT = "dwarf-with-dsym";
				ENABLE_NS_ASSERTIONS = NO;
				ENABLE_STRICT_OBJC_MSGSEND = YES;
				GCC_C_LANGUAGE_STANDARD = gnu11;
				GCC_NO_COMMON_BLOCKS = YES;
				GCC_WARN_64_TO_32_BIT_CONVERSION = YES;
				GCC_WARN_ABOUT_RETURN_TYPE = YES_ERROR;
				GCC_WARN_UNDECLARED_SELECTOR = YES;
				GCC_WARN_UNINITIALIZED_AUTOS = YES_AGGRESSIVE;
				GCC_WARN_UNUSED_FUNCTION = YES;
				GCC_WARN_UNUSED_VARIABLE = YES;
				MACOSX_DEPLOYMENT_TARGET = 10.14;
				MTL_ENABLE_DEBUG_INFO = NO;
				MTL_FAST_MATH = YES;
				SDKROOT = macosx;
				SWIFT_COMPILATION_MODE = wholemodule;
				SWIFT_OPTIMIZATION_LEVEL = "-O";
			};
			name = Release;
		};
		842B3DE822BC3AD4007D1557 /* Debug */ = {
			isa = XCBuildConfiguration;
			buildSettings = {
				CODE_SIGN_STYLE = Automatic;
				PRODUCT_NAME = "$(TARGET_NAME)";
				SWIFT_VERSION = 5.0;
			};
			name = Debug;
		};
		842B3DE922BC3AD4007D1557 /* Release */ = {
			isa = XCBuildConfiguration;
			buildSettings = {
				CODE_SIGN_STYLE = Automatic;
				PRODUCT_NAME = "$(TARGET_NAME)";
				SWIFT_VERSION = 5.0;
			};
			name = Release;
		};
/* End XCBuildConfiguration section */

/* Begin XCConfigurationList section */
		842B3DDB22BC3AD4007D1557 /* Build configuration list for PBXProject "C0751142_MID_TERM_MAD3004" */ = {
			isa = XCConfigurationList;
			buildConfigurations = (
				842B3DE522BC3AD4007D1557 /* Debug */,
				842B3DE622BC3AD4007D1557 /* Release */,
			);
			defaultConfigurationIsVisible = 0;
			defaultConfigurationName = Release;
		};
		842B3DE722BC3AD4007D1557 /* Build configuration list for PBXNativeTarget "C0751142_MID_TERM_MAD3004" */ = {
			isa = XCConfigurationList;
			buildConfigurations = (
				842B3DE822BC3AD4007D1557 /* Debug */,
				842B3DE922BC3AD4007D1557 /* Release */,
			);
			defaultConfigurationIsVisible = 0;
			defaultConfigurationName = Release;
		};
/* End XCConfigurationList section */
	};
	rootObject = 842B3DD822BC3AD4007D1557 /* Project object */;
}
